
Microsoft Visual Studio Solution File, Format Version 12.00
# Visual Studio Version 16
VisualStudioVersion = 16.0.32126.315
MinimumVisualStudioVersion = 10.0.40219.1
Project("{FAE04EC0-301F-11D3-BF4B-00C04F79EFBC}") = "MiniApp2", "MiniApp2\MiniApp2.csproj", "{0B290D98-6493-4B9C-A2A0-B7D11EFCDD6C}"
EndProject
Global
	GlobalSection(SolutionConfigurationPlatforms) = preSolution
		Debug|Any CPU = Debug|Any CPU
		Release|Any CPU = Release|Any CPU
	EndGlobalSection
	GlobalSection(ProjectConfigurationPlatforms) = postSolution
		{0B290D98-6493-4B9C-A2A0-B7D11EFCDD6C}.Debug|Any CPU.ActiveCfg = Debug|Any CPU
		{0B290D98-6493-4B9C-A2A0-B7D11EFCDD6C}.Debug|Any CPU.Build.0 = Debug|Any CPU
		{0B290D98-6493-4B9C-A2A0-B7D11EFCDD6C}.Release|Any CPU.ActiveCfg = Release|Any CPU
		{0B290D98-6493-4B9C-A2A0-B7D11EFCDD6C}.Release|Any CPU.Build.0 = Release|Any CPU
	EndGlobalSection
	GlobalSection(SolutionProperties) = preSolution
		HideSolutionNode = FALSE
	EndGlobalSection
	GlobalSection(ExtensibilityGlobals) = postSolution
		SolutionGuid = {A3A7507B-E014-4427-B840-AB65A62508DB}
	EndGlobalSection
EndGlobal
